
Microsoft Visual Studio Solution File, Format Version 12.00
# Visual Studio Version 17
VisualStudioVersion = 17.7.34024.191
MinimumVisualStudioVersion = 10.0.40219.1
Project("{8BC9CEB8-8B4A-11D0-8D11-00A0C91BC942}") = "6.1", "6.1.vcxproj", "{ACBD252E-5D30-4E55-88D2-2A798A94AC4D}"
EndProject
Project("{8BC9CEB8-8B4A-11D0-8D11-00A0C91BC942}") = "UnitTest1", "UnitTest1\UnitTest1.vcxproj", "{5C890E72-5ADE-445C-BCD3-299C3712C469}"
EndProject
Global
	GlobalSection(SolutionConfigurationPlatforms) = preSolution
		Debug|x64 = Debug|x64
		Debug|x86 = Debug|x86
		Release|x64 = Release|x64
		Release|x86 = Release|x86
	EndGlobalSection
	GlobalSection(ProjectConfigurationPlatforms) = postSolution
		{ACBD252E-5D30-4E55-88D2-2A798A94AC4D}.Debug|x64.ActiveCfg = Debug|x64
		{ACBD252E-5D30-4E55-88D2-2A798A94AC4D}.Debug|x64.Build.0 = Debug|x64
		{ACBD252E-5D30-4E55-88D2-2A798A94AC4D}.Debug|x86.ActiveCfg = Debug|Win32
		{ACBD252E-5D30-4E55-88D2-2A798A94AC4D}.Debug|x86.Build.0 = Debug|Win32
		{ACBD252E-5D30-4E55-88D2-2A798A94AC4D}.Release|x64.ActiveCfg = Release|x64
		{ACBD252E-5D30-4E55-88D2-2A798A94AC4D}.Release|x64.Build.0 = Release|x64
		{ACBD252E-5D30-4E55-88D2-2A798A94AC4D}.Release|x86.ActiveCfg = Release|Win32
		{ACBD252E-5D30-4E55-88D2-2A798A94AC4D}.Release|x86.Build.0 = Release|Win32
		{5C890E72-5ADE-445C-BCD3-299C3712C469}.Debug|x64.ActiveCfg = Debug|x64
		{5C890E72-5ADE-445C-BCD3-299C3712C469}.Debug|x64.Build.0 = Debug|x64
		{5C890E72-5ADE-445C-BCD3-299C3712C469}.Debug|x86.ActiveCfg = Debug|Win32
		{5C890E72-5ADE-445C-BCD3-299C3712C469}.Debug|x86.Build.0 = Debug|Win32
		{5C890E72-5ADE-445C-BCD3-299C3712C469}.Release|x64.ActiveCfg = Release|x64
		{5C890E72-5ADE-445C-BCD3-299C3712C469}.Release|x64.Build.0 = Release|x64
		{5C890E72-5ADE-445C-BCD3-299C3712C469}.Release|x86.ActiveCfg = Release|Win32
		{5C890E72-5ADE-445C-BCD3-299C3712C469}.Release|x86.Build.0 = Release|Win32
	EndGlobalSection
	GlobalSection(SolutionProperties) = preSolution
		HideSolutionNode = FALSE
	EndGlobalSection
	GlobalSection(ExtensibilityGlobals) = postSolution
		SolutionGuid = {608531EF-23E0-4AD5-9CD4-4CBB75930147}
	EndGlobalSection
EndGlobal
